
Microsoft Visual Studio Solution File, Format Version 11.00
# Visual Studio 2010
Project("{FAE04EC0-301F-11D3-BF4B-00C04F79EFBC}") = "Sharpforce.iOS", "Sharpforce.iOS\Sharpforce.iOS.csproj", "{FA411C57-5E5B-4C67-A65F-C965D0CCE1F7}"
EndProject
Project("{FAE04EC0-301F-11D3-BF4B-00C04F79EFBC}") = "Sharpforce.Android", "Sharpforce.Android\Sharpforce.Android.csproj", "{B97EFD8F-8146-4C99-9B51-C8868E3249FC}"
EndProject
Project("{FAE04EC0-301F-11D3-BF4B-00C04F79EFBC}") = "Sharpforce", "Sharpforce\Sharpforce.csproj", "{19728573-EBED-42D6-8972-2D45FC1360DB}"
EndProject
Project("{FAE04EC0-301F-11D3-BF4B-00C04F79EFBC}") = "Sharpforce.Test", "Sharpforce.Test\Sharpforce.Test.csproj", "{5884CA51-AFD4-44F7-811C-869591F40E8E}"
EndProject
Project("{FAE04EC0-301F-11D3-BF4B-00C04F79EFBC}") = "Sharpforce.Portable", "Sharpforce.Portable\Sharpforce.Portable.csproj", "{5A282A00-1DAA-4F9D-8F27-FBB8DA35FC07}"
EndProject
Global
	GlobalSection(SolutionConfigurationPlatforms) = preSolution
		Debug|Any CPU = Debug|Any CPU
		Release|Any CPU = Release|Any CPU
	EndGlobalSection
	GlobalSection(ProjectConfigurationPlatforms) = postSolution
		{19728573-EBED-42D6-8972-2D45FC1360DB}.Debug|Any CPU.ActiveCfg = Debug|Any CPU
		{19728573-EBED-42D6-8972-2D45FC1360DB}.Debug|Any CPU.Build.0 = Debug|Any CPU
		{19728573-EBED-42D6-8972-2D45FC1360DB}.Release|Any CPU.ActiveCfg = Release|Any CPU
		{19728573-EBED-42D6-8972-2D45FC1360DB}.Release|Any CPU.Build.0 = Release|Any CPU
		{5884CA51-AFD4-44F7-811C-869591F40E8E}.Debug|Any CPU.ActiveCfg = Debug|Any CPU
		{5884CA51-AFD4-44F7-811C-869591F40E8E}.Debug|Any CPU.Build.0 = Debug|Any CPU
		{5884CA51-AFD4-44F7-811C-869591F40E8E}.Release|Any CPU.ActiveCfg = Release|Any CPU
		{5884CA51-AFD4-44F7-811C-869591F40E8E}.Release|Any CPU.Build.0 = Release|Any CPU
		{5A282A00-1DAA-4F9D-8F27-FBB8DA35FC07}.Debug|Any CPU.ActiveCfg = Debug|Any CPU
		{5A282A00-1DAA-4F9D-8F27-FBB8DA35FC07}.Debug|Any CPU.Build.0 = Debug|Any CPU
		{5A282A00-1DAA-4F9D-8F27-FBB8DA35FC07}.Release|Any CPU.ActiveCfg = Release|Any CPU
		{5A282A00-1DAA-4F9D-8F27-FBB8DA35FC07}.Release|Any CPU.Build.0 = Release|Any CPU
		{B97EFD8F-8146-4C99-9B51-C8868E3249FC}.Debug|Any CPU.ActiveCfg = Debug|Any CPU
		{B97EFD8F-8146-4C99-9B51-C8868E3249FC}.Debug|Any CPU.Build.0 = Debug|Any CPU
		{B97EFD8F-8146-4C99-9B51-C8868E3249FC}.Release|Any CPU.ActiveCfg = Release|Any CPU
		{B97EFD8F-8146-4C99-9B51-C8868E3249FC}.Release|Any CPU.Build.0 = Release|Any CPU
		{FA411C57-5E5B-4C67-A65F-C965D0CCE1F7}.Debug|Any CPU.ActiveCfg = Debug|Any CPU
		{FA411C57-5E5B-4C67-A65F-C965D0CCE1F7}.Debug|Any CPU.Build.0 = Debug|Any CPU
		{FA411C57-5E5B-4C67-A65F-C965D0CCE1F7}.Release|Any CPU.ActiveCfg = Release|Any CPU
		{FA411C57-5E5B-4C67-A65F-C965D0CCE1F7}.Release|Any CPU.Build.0 = Release|Any CPU
	EndGlobalSection
	GlobalSection(MonoDevelopProperties) = preSolution
		StartupItem = Sharpforce.iOS\Sharpforce.iOS.csproj
	EndGlobalSection
EndGlobal
